// !$*UTF8*$!
{
	archiveVersion = 1;
	classes = {
	};
	objectVersion = 50;
	objects = {

/* Begin PBXBuildFile section */
		A815C985245E8E5900D77D30 /* AppDelegate.swift in Sources */ = {isa = PBXBuildFile; fileRef = A815C984245E8E5900D77D30 /* AppDelegate.swift */; };
		A815C987245E8E5900D77D30 /* SceneDelegate.swift in Sources */ = {isa = PBXBuildFile; fileRef = A815C986245E8E5900D77D30 /* SceneDelegate.swift */; };
		A815C989245E8E5900D77D30 /* ContentView.swift in Sources */ = {isa = PBXBuildFile; fileRef = A815C988245E8E5900D77D30 /* ContentView.swift */; };
		A815C98B245E8E5A00D77D30 /* Assets.xcassets in Resources */ = {isa = PBXBuildFile; fileRef = A815C98A245E8E5A00D77D30 /* Assets.xcassets */; };
		A815C98E245E8E5A00D77D30 /* Preview Assets.xcassets in Resources */ = {isa = PBXBuildFile; fileRef = A815C98D245E8E5A00D77D30 /* Preview Assets.xcassets */; };
		A815C991245E8E5A00D77D30 /* LaunchScreen.storyboard in Resources */ = {isa = PBXBuildFile; fileRef = A815C98F245E8E5A00D77D30 /* LaunchScreen.storyboard */; };
/* End PBXBuildFile section */

/* Begin PBXFileReference section */
		A815C981245E8E5900D77D30 /* Smart Notes.app */ = {isa = PBXFileReference; explicitFileType = wrapper.application; includeInIndex = 0; path = "Smart Notes.app"; sourceTree = BUILT_PRODUCTS_DIR; };
		A815C984245E8E5900D77D30 /* AppDelegate.swift */ = {isa = PBXFileReference; lastKnownFileType = sourcecode.swift; path = AppDelegate.swift; sourceTree = "<group>"; };
		A815C986245E8E5900D77D30 /* SceneDelegate.swift */ = {isa = PBXFileReference; lastKnownFileType = sourcecode.swift; path = SceneDelegate.swift; sourceTree = "<group>"; };
		A815C988245E8E5900D77D30 /* ContentView.swift */ = {isa = PBXFileReference; indentWidth = 0; lastKnownFileType = sourcecode.swift; path = ContentView.swift; sourceTree = "<group>"; tabWidth = 1; };
		A815C98A245E8E5A00D77D30 /* Assets.xcassets */ = {isa = PBXFileReference; lastKnownFileType = folder.assetcatalog; path = Assets.xcassets; sourceTree = "<group>"; };
		A815C98D245E8E5A00D77D30 /* Preview Assets.xcassets */ = {isa = PBXFileReference; lastKnownFileType = folder.assetcatalog; path = "Preview Assets.xcassets"; sourceTree = "<group>"; };
		A815C990245E8E5A00D77D30 /* Base */ = {isa = PBXFileReference; lastKnownFileType = file.storyboard; name = Base; path = Base.lproj/LaunchScreen.storyboard; sourceTree = "<group>"; };
		A815C992245E8E5A00D77D30 /* Info.plist */ = {isa = PBXFileReference; lastKnownFileType = text.plist.xml; path = Info.plist; sourceTree = "<group>"; };
/* End PBXFileReference section */

/* Begin PBXFrameworksBuildPhase section */
		A815C97E245E8E5900D77D30 /* Frameworks */ = {
			isa = PBXFrameworksBuildPhase;
			buildActionMask = 2147483647;
			files = (
			);
			runOnlyForDeploymentPostprocessing = 0;
		};
/* End PBXFrameworksBuildPhase section */

/* Begin PBXGroup section */
		A815C978245E8E5900D77D30 = {
			isa = PBXGroup;
			children = (
				A815C983245E8E5900D77D30 /* Akıllı Notlar */,
				A815C982245E8E5900D77D30 /* Products */,
			);
			sourceTree = "<group>";
		};
		A815C982245E8E5900D77D30 /* Products */ = {
			isa = PBXGroup;
			children = (
				A815C981245E8E5900D77D30 /* Smart Notes.app */,
			);
			name = Products;
			sourceTree = "<group>";
		};
		A815C983245E8E5900D77D30 /* Akıllı Notlar */ = {
			isa = PBXGroup;
			children = (
				A815C984245E8E5900D77D30 /* AppDelegate.swift */,
				A815C986245E8E5900D77D30 /* SceneDelegate.swift */,
				A815C988245E8E5900D77D30 /* ContentView.swift */,
				A815C98A245E8E5A00D77D30 /* Assets.xcassets */,
				A815C98F245E8E5A00D77D30 /* LaunchScreen.storyboard */,
				A815C992245E8E5A00D77D30 /* Info.plist */,
				A815C98C245E8E5A00D77D30 /* Preview Content */,
			);
			path = "Akıllı Notlar";
			sourceTree = "<group>";
		};
		A815C98C245E8E5A00D77D30 /* Preview Content */ = {
			isa = PBXGroup;
			children = (
				A815C98D245E8E5A00D77D30 /* Preview Assets.xcassets */,
			);
			path = "Preview Content";
			sourceTree = "<group>";
		};
/* End PBXGroup section */

/* Begin PBXNativeTarget section */
		A815C980245E8E5900D77D30 /* Akıllı Notlar */ = {
			isa = PBXNativeTarget;
			buildConfigurationList = A815C995245E8E5A00D77D30 /* Build configuration list for PBXNativeTarget "Akıllı Notlar" */;
			buildPhases = (
				A815C97D245E8E5900D77D30 /* Sources */,
				A815C97E245E8E5900D77D30 /* Frameworks */,
				A815C97F245E8E5900D77D30 /* Resources */,
			);
			buildRules = (
			);
			dependencies = (
			);
			name = "Akıllı Notlar";
			productName = "Akıllı Notlar";
			productReference = A815C981245E8E5900D77D30 /* Smart Notes.app */;
			productType = "com.apple.product-type.application";
		};
/* End PBXNativeTarget section */

/* Begin PBXProject section */
		A815C979245E8E5900D77D30 /* Project object */ = {
			isa = PBXProject;
			attributes = {
				LastSwiftUpdateCheck = 1140;
				LastUpgradeCheck = 1140;
				ORGANIZATIONNAME = "Abdulhalim Karakelle";
				TargetAttributes = {
					A815C980245E8E5900D77D30 = {
						CreatedOnToolsVersion = 11.4.1;
					};
				};
			};
			buildConfigurationList = A815C97C245E8E5900D77D30 /* Build configuration list for PBXProject "Akıllı Notlar" */;
			compatibilityVersion = "Xcode 9.3";
			developmentRegion = en;
			hasScannedForEncodings = 0;
			knownRegions = (
				en,
				Base,
			);
			mainGroup = A815C978245E8E5900D77D30;
			productRefGroup = A815C982245E8E5900D77D30 /* Products */;
			projectDirPath = "";
			projectRoot = "";
			targets = (
				A815C980245E8E5900D77D30 /* Akıllı Notlar */,
			);
		};
/* End PBXProject section */

/* Begin PBXResourcesBuildPhase section */
		A815C97F245E8E5900D77D30 /* Resources */ = {
			isa = PBXResourcesBuildPhase;
			buildActionMask = 2147483647;
			files = (
				A815C991245E8E5A00D77D30 /* LaunchScreen.storyboard in Resources */,
				A815C98E245E8E5A00D77D30 /* Preview Assets.xcassets in Resources */,
				A815C98B245E8E5A00D77D30 /* Assets.xcassets in Resources */,
			);
			runOnlyForDeploymentPostprocessing = 0;
		};
/* End PBXResourcesBuildPhase section */

/* Begin PBXSourcesBuildPhase section */
		A815C97D245E8E5900D77D30 /* Sources */ = {
			isa = PBXSourcesBuildPhase;
			buildActionMask = 2147483647;
			files = (
				A815C985245E8E5900D77D30 /* AppDelegate.swift in Sources */,
				A815C987245E8E5900D77D30 /* SceneDelegate.swift in Sources */,
				A815C989245E8E5900D77D30 /* ContentView.swift in Sources */,
			);
			runOnlyForDeploymentPostprocessing = 0;
		};
/* End PBXSourcesBuildPhase section */

/* Begin PBXVariantGroup section */
		A815C98F245E8E5A00D77D30 /* LaunchScreen.storyboard */ = {
			isa = PBXVariantGroup;
			children = (
				A815C990245E8E5A00D77D30 /* Base */,
			);
			name = LaunchScreen.storyboard;
			sourceTree = "<group>";
		};
/* End PBXVariantGroup section */

/* Begin XCBuildConfiguration section */
		A815C993245E8E5A00D77D30 /* Debug */ = {
			isa = XCBuildConfiguration;
			buildSettings = {
				ALWAYS_SEARCH_USER_PATHS = NO;
				CLANG_ANALYZER_NONNULL = YES;
				CLANG_ANALYZER_NUMBER_OBJECT_CONVERSION = YES_AGGRESSIVE;
				CLANG_CXX_LANGUAGE_STANDARD = "gnu++14";
				CLANG_CXX_LIBRARY = "libc++";
				CLANG_ENABLE_MODULES = YES;
				CLANG_ENABLE_OBJC_ARC = YES;
				CLANG_ENABLE_OBJC_WEAK = YES;
				CLANG_WARN_BLOCK_CAPTURE_AUTORELEASING = YES;
				CLANG_WARN_BOOL_CONVERSION = YES;
				CLANG_WARN_COMMA = YES;
				CLANG_WARN_CONSTANT_CONVERSION = YES;
				CLANG_WARN_DEPRECATED_OBJC_IMPLEMENTATIONS = YES;
				CLANG_WARN_DIRECT_OBJC_ISA_USAGE = YES_ERROR;
				CLANG_WARN_DOCUMENTATION_COMMENTS = YES;
				CLANG_WARN_EMPTY_BODY = YES;
				CLANG_WARN_ENUM_CONVERSION = YES;
				CLANG_WARN_INFINITE_RECURSION = YES;
				CLANG_WARN_INT_CONVERSION = YES;
				CLANG_WARN_NON_LITERAL_NULL_CONVERSION = YES;
				CLANG_WARN_OBJC_IMPLICIT_RETAIN_SELF = YES;
				CLANG_WARN_OBJC_LITERAL_CONVERSION = YES;
				CLANG_WARN_OBJC_ROOT_CLASS = YES_ERROR;
				CLANG_WARN_RANGE_LOOP_ANALYSIS = YES;
				CLANG_WARN_STRICT_PROTOTYPES = YES;
				CLANG_WARN_SUSPICIOUS_MOVE = YES;
				CLANG_WARN_UNGUARDED_AVAILABILITY = YES_AGGRESSIVE;
				CLANG_WARN_UNREACHABLE_CODE = YES;
				CLANG_WARN__DUPLICATE_METHOD_MATCH = YES;
				COPY_PHASE_STRIP = NO;
				DEBUG_INFORMATION_FORMAT = dwarf;
				ENABLE_STRICT_OBJC_MSGSEND = YES;
				ENABLE_TESTABILITY = YES;
				GCC_C_LANGUAGE_STANDARD = gnu11;
				GCC_DYNAMIC_NO_PIC = NO;
				GCC_NO_COMMON_BLOCKS = YES;
				GCC_OPTIMIZATION_LEVEL = 0;
				GCC_PREPROCESSOR_DEFINITIONS = (
					"DEBUG=1",
					"$(inherited)",
				);
				GCC_WARN_64_TO_32_BIT_CONVERSION = YES;
				GCC_WARN_ABOUT_RETURN_TYPE = YES_ERROR;
				GCC_WARN_UNDECLARED_SELECTOR = YES;
				GCC_WARN_UNINITIALIZED_AUTOS = YES_AGGRESSIVE;
				GCC_WARN_UNUSED_FUNCTION = YES;
				GCC_WARN_UNUSED_VARIABLE = YES;
				IPHONEOS_DEPLOYMENT_TARGET = 13.4;
				MTL_ENABLE_DEBUG_INFO = INCLUDE_SOURCE;
				MTL_FAST_MATH = YES;
				ONLY_ACTIVE_ARCH = YES;
				SDKROOT = iphoneos;
				SWIFT_ACTIVE_COMPILATION_CONDITIONS = DEBUG;
				SWIFT_OPTIMIZATION_LEVEL = "-Onone";
			};
			name = Debug;
		};
		A815C994245E8E5A00D77D30 /* Release */ = {
			isa = XCBuildConfiguration;
			buildSettings = {
				ALWAYS_SEARCH_USER_PATHS = NO;
				CLANG_ANALYZER_NONNULL = YES;
				CLANG_ANALYZER_NUMBER_OBJECT_CONVERSION = YES_AGGRESSIVE;
				CLANG_CXX_LANGUAGE_STANDARD = "gnu++14";
				CLANG_CXX_LIBRARY = "libc++";
				CLANG_ENABLE_MODULES = YES;
				CLANG_ENABLE_OBJC_ARC = YES;
				CLANG_ENABLE_OBJC_WEAK = YES;
				CLANG_WARN_BLOCK_CAPTURE_AUTORELEASING = YES;
				CLANG_WARN_BOOL_CONVERSION = YES;
				CLANG_WARN_COMMA = YES;
				CLANG_WARN_CONSTANT_CONVERSION = YES;
				CLANG_WARN_DEPRECATED_OBJC_IMPLEMENTATIONS = YES;
				CLANG_WARN_DIRECT_OBJC_ISA_USAGE = YES_ERROR;
				CLANG_WARN_DOCUMENTATION_COMMENTS = YES;
				CLANG_WARN_EMPTY_BODY = YES;
				CLANG_WARN_ENUM_CONVERSION = YES;
				CLANG_WARN_INFINITE_RECURSION = YES;
				CLANG_WARN_INT_CONVERSION = YES;
				CLANG_WARN_NON_LITERAL_NULL_CONVERSION = YES;
				CLANG_WARN_OBJC_IMPLICIT_RETAIN_SELF = YES;
				CLANG_WARN_OBJC_LITERAL_CONVERSION = YES;
				CLANG_WARN_OBJC_ROOT_CLASS = YES_ERROR;
				CLANG_WARN_RANGE_LOOP_ANALYSIS = YES;
				CLANG_WARN_STRICT_PROTOTYPES = YES;
				CLANG_WARN_SUSPICIOUS_MOVE = YES;
				CLANG_WARN_UNGUARDED_AVAILABILITY = YES_AGGRESSIVE;
				CLANG_WARN_UNREACHABLE_CODE = YES;
				CLANG_WARN__DUPLICATE_METHOD_MATCH = YES;
				COPY_PHASE_STRIP = NO;
				DEBUG_INFORMATION_FORMAT = "dwarf-with-dsym";
				ENABLE_NS_ASSERTIONS = NO;
				ENABLE_STRICT_OBJC_MSGSEND = YES;
				GCC_C_LANGUAGE_STANDARD = gnu11;
				GCC_NO_COMMON_BLOCKS = YES;
				GCC_WARN_64_TO_32_BIT_CONVERSION = YES;
				GCC_WARN_ABOUT_RETURN_TYPE = YES_ERROR;
				GCC_WARN_UNDECLARED_SELECTOR = YES;
				GCC_WARN_UNINITIALIZED_AUTOS = YES_AGGRESSIVE;
				GCC_WARN_UNUSED_FUNCTION = YES;
				GCC_WARN_UNUSED_VARIABLE = YES;
				IPHONEOS_DEPLOYMENT_TARGET = 13.4;
				MTL_ENABLE_DEBUG_INFO = NO;
				MTL_FAST_MATH = YES;
				SDKROOT = iphoneos;
				SWIFT_COMPILATION_MODE = wholemodule;
				SWIFT_OPTIMIZATION_LEVEL = "-O";
				VALIDATE_PRODUCT = YES;
			};
			name = Release;
		};
		A815C996245E8E5A00D77D30 /* Debug */ = {
			isa = XCBuildConfiguration;
			buildSettings = {
				ASSETCATALOG_COMPILER_APPICON_NAME = AppIcon;
				CODE_SIGN_STYLE = Automatic;
				DEVELOPMENT_ASSET_PATHS = "\"Akıllı Notlar/Preview Content\"";
				DEVELOPMENT_TEAM = WGJG5M5R7U;
				ENABLE_PREVIEWS = YES;
				INFOPLIST_FILE = "Akıllı Notlar/Info.plist";
				LD_RUNPATH_SEARCH_PATHS = (
					"$(inherited)",
					"@executable_path/Frameworks",
				);
				PRODUCT_BUNDLE_IDENTIFIER = "halim.Ak-ll--Notlar";
				PRODUCT_NAME = "Smart Notes";
				SWIFT_VERSION = 5.0;
				TARGETED_DEVICE_FAMILY = "1,2";
			};
			name = Debug;
		};
		A815C997245E8E5A00D77D30 /* Release */ = {
			isa = XCBuildConfiguration;
			buildSettings = {
				ASSETCATALOG_COMPILER_APPICON_NAME = AppIcon;
				CODE_SIGN_STYLE = Automatic;
				DEVELOPMENT_ASSET_PATHS = "\"Akıllı Notlar/Preview Content\"";
				DEVELOPMENT_TEAM = WGJG5M5R7U;
				ENABLE_PREVIEWS = YES;
				INFOPLIST_FILE = "Akıllı Notlar/Info.plist";
				LD_RUNPATH_SEARCH_PATHS = (
					"$(inherited)",
					"@executable_path/Frameworks",
				);
				PRODUCT_BUNDLE_IDENTIFIER = "halim.Ak-ll--Notlar";
				PRODUCT_NAME = "Smart Notes";
				SWIFT_VERSION = 5.0;
				TARGETED_DEVICE_FAMILY = "1,2";
			};
			name = Release;
		};
/* End XCBuildConfiguration section */

/* Begin XCConfigurationList section */
		A815C97C245E8E5900D77D30 /* Build configuration list for PBXProject "Akıllı Notlar" */ = {
			isa = XCConfigurationList;
			buildConfigurations = (
				A815C993245E8E5A00D77D30 /* Debug */,
				A815C994245E8E5A00D77D30 /* Release */,
			);
			defaultConfigurationIsVisible = 0;
			defaultConfigurationName = Release;
		};
		A815C995245E8E5A00D77D30 /* Build configuration list for PBXNativeTarget "Akıllı Notlar" */ = {
			isa = XCConfigurationList;
			buildConfigurations = (
				A815C996245E8E5A00D77D30 /* Debug */,
				A815C997245E8E5A00D77D30 /* Release */,
			);
			defaultConfigurationIsVisible = 0;
			defaultConfigurationName = Release;
		};
/* End XCConfigurationList section */
	};
	rootObject = A815C979245E8E5900D77D30 /* Project object */;
}
